// !$*UTF8*$!
{
	archiveVersion = 1;
	classes = {
	};
	objectVersion = 48;
	objects = {

/* Begin PBXBuildFile section */
		2D5E28AB2DA3FACE0695CD2B /* Pods_Closest_Beacon.framework in Frameworks */ = {isa = PBXBuildFile; fileRef = 1EA3CAABF9C831313F8D4BAA /* Pods_Closest_Beacon.framework */; };
		992BD40620597034003E8F0C /* UserLocationTableVC.swift in Sources */ = {isa = PBXBuildFile; fileRef = 992BD40520597034003E8F0C /* UserLocationTableVC.swift */; };
		992BD40820597697003E8F0C /* LoginController.swift in Sources */ = {isa = PBXBuildFile; fileRef = 992BD40720597697003E8F0C /* LoginController.swift */; };
		992BD4102059F656003E8F0C /* UserLocation.swift in Sources */ = {isa = PBXBuildFile; fileRef = 992BD40F2059F656003E8F0C /* UserLocation.swift */; };
		9982F320203EFB5F0099CD2D /* GoogleService-Info.plist in Resources */ = {isa = PBXBuildFile; fileRef = 9982F31F203EFB5F0099CD2D /* GoogleService-Info.plist */; };
		99B7E305205880E800A69487 /* UserLocationTable.storyboard in Resources */ = {isa = PBXBuildFile; fileRef = 99B7E304205880E800A69487 /* UserLocationTable.storyboard */; };
		99B7E30F2058828000A69487 /* _UserLocationVC.swift in Sources */ = {isa = PBXBuildFile; fileRef = 99B7E30E2058828000A69487 /* _UserLocationVC.swift */; };
		99B7E3122058899600A69487 /* UserListCell.swift in Sources */ = {isa = PBXBuildFile; fileRef = 99B7E3112058899600A69487 /* UserListCell.swift */; };
		99B7E3142058995400A69487 /* LocationData.swift in Sources */ = {isa = PBXBuildFile; fileRef = 99B7E3132058995400A69487 /* LocationData.swift */; };
		99B7E3162058A0EA00A69487 /* FirDatabaseService.swift in Sources */ = {isa = PBXBuildFile; fileRef = 99B7E3152058A0EA00A69487 /* FirDatabaseService.swift */; };
		99DB12C3203DC9580015872B /* AppDelegate.swift in Sources */ = {isa = PBXBuildFile; fileRef = 99DB12C2203DC9580015872B /* AppDelegate.swift */; };
		99DB12C5203DC9580015872B /* MainVC.swift in Sources */ = {isa = PBXBuildFile; fileRef = 99DB12C4203DC9580015872B /* MainVC.swift */; };
		99DB12C8203DC9580015872B /* Main.storyboard in Resources */ = {isa = PBXBuildFile; fileRef = 99DB12C6203DC9580015872B /* Main.storyboard */; };
		99DB12CA203DC9580015872B /* Assets.xcassets in Resources */ = {isa = PBXBuildFile; fileRef = 99DB12C9203DC9580015872B /* Assets.xcassets */; };
		99DB12CD203DC9580015872B /* LaunchScreen.storyboard in Resources */ = {isa = PBXBuildFile; fileRef = 99DB12CB203DC9580015872B /* LaunchScreen.storyboard */; };
		99DB12D8203DC9580015872B /* Closest_BeaconTests.swift in Sources */ = {isa = PBXBuildFile; fileRef = 99DB12D7203DC9580015872B /* Closest_BeaconTests.swift */; };
		99DB12E3203DC9580015872B /* Closest_BeaconUITests.swift in Sources */ = {isa = PBXBuildFile; fileRef = 99DB12E2203DC9580015872B /* Closest_BeaconUITests.swift */; };
		99E08DA5204F78A70004588F /* AlertController.swift in Sources */ = {isa = PBXBuildFile; fileRef = 99E08DA4204F78A70004588F /* AlertController.swift */; };
		99E2184C204F6F810060959C /* _SignUpVC.swift in Sources */ = {isa = PBXBuildFile; fileRef = 99E2184B204F6F810060959C /* _SignUpVC.swift */; };
		99E2184E204F6F8C0060959C /* _SignInVC.swift in Sources */ = {isa = PBXBuildFile; fileRef = 99E2184D204F6F8C0060959C /* _SignInVC.swift */; };
		B4868330205C157400388669 /* Main_.storyboard in Resources */ = {isa = PBXBuildFile; fileRef = B486832F205C157400388669 /* Main_.storyboard */; };
/* End PBXBuildFile section */

/* Begin PBXContainerItemProxy section */
		99DB12D4203DC9580015872B /* PBXContainerItemProxy */ = {
			isa = PBXContainerItemProxy;
			containerPortal = 99DB12B7203DC9580015872B /* Project object */;
			proxyType = 1;
			remoteGlobalIDString = 99DB12BE203DC9580015872B;
			remoteInfo = "Closest-Beacon";
		};
		99DB12DF203DC9580015872B /* PBXContainerItemProxy */ = {
			isa = PBXContainerItemProxy;
			containerPortal = 99DB12B7203DC9580015872B /* Project object */;
			proxyType = 1;
			remoteGlobalIDString = 99DB12BE203DC9580015872B;
			remoteInfo = "Closest-Beacon";
		};
/* End PBXContainerItemProxy section */

/* Begin PBXFileReference section */
		1EA3CAABF9C831313F8D4BAA /* Pods_Closest_Beacon.framework */ = {isa = PBXFileReference; explicitFileType = wrapper.framework; includeInIndex = 0; path = Pods_Closest_Beacon.framework; sourceTree = BUILT_PRODUCTS_DIR; };
		523B8C153062FF194F085958 /* Pods-Closest-Beacon.debug.xcconfig */ = {isa = PBXFileReference; includeInIndex = 1; lastKnownFileType = text.xcconfig; name = "Pods-Closest-Beacon.debug.xcconfig"; path = "Pods/Target Support Files/Pods-Closest-Beacon/Pods-Closest-Beacon.debug.xcconfig"; sourceTree = "<group>"; };
		61D143097B9BE00E8E61CE6F /* Pods-Closest-Beacon.release.xcconfig */ = {isa = PBXFileReference; includeInIndex = 1; lastKnownFileType = text.xcconfig; name = "Pods-Closest-Beacon.release.xcconfig"; path = "Pods/Target Support Files/Pods-Closest-Beacon/Pods-Closest-Beacon.release.xcconfig"; sourceTree = "<group>"; };
		7B2694A0229013716179262A /* Pods_Closest_BeaconTests.framework */ = {isa = PBXFileReference; explicitFileType = wrapper.framework; includeInIndex = 0; path = Pods_Closest_BeaconTests.framework; sourceTree = BUILT_PRODUCTS_DIR; };
		992BD40520597034003E8F0C /* UserLocationTableVC.swift */ = {isa = PBXFileReference; lastKnownFileType = sourcecode.swift; path = UserLocationTableVC.swift; sourceTree = "<group>"; };
		992BD40720597697003E8F0C /* LoginController.swift */ = {isa = PBXFileReference; lastKnownFileType = sourcecode.swift; path = LoginController.swift; sourceTree = "<group>"; };
		992BD40F2059F656003E8F0C /* UserLocation.swift */ = {isa = PBXFileReference; lastKnownFileType = sourcecode.swift; path = UserLocation.swift; sourceTree = "<group>"; };
		9982F31F203EFB5F0099CD2D /* GoogleService-Info.plist */ = {isa = PBXFileReference; fileEncoding = 4; lastKnownFileType = text.plist.xml; path = "GoogleService-Info.plist"; sourceTree = "<group>"; };
		99B7E304205880E800A69487 /* UserLocationTable.storyboard */ = {isa = PBXFileReference; lastKnownFileType = file.storyboard; path = UserLocationTable.storyboard; sourceTree = "<group>"; };
		99B7E30E2058828000A69487 /* _UserLocationVC.swift */ = {isa = PBXFileReference; lastKnownFileType = sourcecode.swift; path = _UserLocationVC.swift; sourceTree = "<group>"; };
		99B7E3112058899600A69487 /* UserListCell.swift */ = {isa = PBXFileReference; lastKnownFileType = sourcecode.swift; path = UserListCell.swift; sourceTree = "<group>"; };
		99B7E3132058995400A69487 /* LocationData.swift */ = {isa = PBXFileReference; lastKnownFileType = sourcecode.swift; path = LocationData.swift; sourceTree = "<group>"; };
		99B7E3152058A0EA00A69487 /* FirDatabaseService.swift */ = {isa = PBXFileReference; lastKnownFileType = sourcecode.swift; path = FirDatabaseService.swift; sourceTree = "<group>"; };
		99DB12BF203DC9580015872B /* Closest-Beacon.app */ = {isa = PBXFileReference; explicitFileType = wrapper.application; includeInIndex = 0; path = "Closest-Beacon.app"; sourceTree = BUILT_PRODUCTS_DIR; };
		99DB12C2203DC9580015872B /* AppDelegate.swift */ = {isa = PBXFileReference; lastKnownFileType = sourcecode.swift; path = AppDelegate.swift; sourceTree = "<group>"; };
		99DB12C4203DC9580015872B /* MainVC.swift */ = {isa = PBXFileReference; lastKnownFileType = sourcecode.swift; path = MainVC.swift; sourceTree = "<group>"; };
		99DB12C7203DC9580015872B /* Base */ = {isa = PBXFileReference; lastKnownFileType = file.storyboard; name = Base; path = Base.lproj/Main.storyboard; sourceTree = "<group>"; };
		99DB12C9203DC9580015872B /* Assets.xcassets */ = {isa = PBXFileReference; lastKnownFileType = folder.assetcatalog; path = Assets.xcassets; sourceTree = "<group>"; };
		99DB12CC203DC9580015872B /* Base */ = {isa = PBXFileReference; lastKnownFileType = file.storyboard; name = Base; path = Base.lproj/LaunchScreen.storyboard; sourceTree = "<group>"; };
		99DB12CE203DC9580015872B /* Info.plist */ = {isa = PBXFileReference; lastKnownFileType = text.plist.xml; path = Info.plist; sourceTree = "<group>"; };
		99DB12D3203DC9580015872B /* Closest-BeaconTests.xctest */ = {isa = PBXFileReference; explicitFileType = wrapper.cfbundle; includeInIndex = 0; path = "Closest-BeaconTests.xctest"; sourceTree = BUILT_PRODUCTS_DIR; };
		99DB12D7203DC9580015872B /* Closest_BeaconTests.swift */ = {isa = PBXFileReference; lastKnownFileType = sourcecode.swift; path = Closest_BeaconTests.swift; sourceTree = "<group>"; };
		99DB12D9203DC9580015872B /* Info.plist */ = {isa = PBXFileReference; lastKnownFileType = text.plist.xml; path = Info.plist; sourceTree = "<group>"; };
		99DB12DE203DC9580015872B /* Closest-BeaconUITests.xctest */ = {isa = PBXFileReference; explicitFileType = wrapper.cfbundle; includeInIndex = 0; path = "Closest-BeaconUITests.xctest"; sourceTree = BUILT_PRODUCTS_DIR; };
		99DB12E2203DC9580015872B /* Closest_BeaconUITests.swift */ = {isa = PBXFileReference; lastKnownFileType = sourcecode.swift; path = Closest_BeaconUITests.swift; sourceTree = "<group>"; };
		99DB12E4203DC9580015872B /* Info.plist */ = {isa = PBXFileReference; lastKnownFileType = text.plist.xml; path = Info.plist; sourceTree = "<group>"; };
		99E08DA4204F78A70004588F /* AlertController.swift */ = {isa = PBXFileReference; lastKnownFileType = sourcecode.swift; path = AlertController.swift; sourceTree = "<group>"; };
		99E2184B204F6F810060959C /* _SignUpVC.swift */ = {isa = PBXFileReference; lastKnownFileType = sourcecode.swift; path = _SignUpVC.swift; sourceTree = "<group>"; };
		99E2184D204F6F8C0060959C /* _SignInVC.swift */ = {isa = PBXFileReference; lastKnownFileType = sourcecode.swift; path = _SignInVC.swift; sourceTree = "<group>"; };
		B486832F205C157400388669 /* Main_.storyboard */ = {isa = PBXFileReference; lastKnownFileType = file.storyboard; path = Main_.storyboard; sourceTree = "<group>"; };
		C5EA930082B41804E521202E /* Pods_Closest_BeaconUITests.framework */ = {isa = PBXFileReference; explicitFileType = wrapper.framework; includeInIndex = 0; path = Pods_Closest_BeaconUITests.framework; sourceTree = BUILT_PRODUCTS_DIR; };
/* End PBXFileReference section */

/* Begin PBXFrameworksBuildPhase section */
		99DB12BC203DC9580015872B /* Frameworks */ = {
			isa = PBXFrameworksBuildPhase;
			buildActionMask = 2147483647;
			files = (
				2D5E28AB2DA3FACE0695CD2B /* Pods_Closest_Beacon.framework in Frameworks */,
			);
			runOnlyForDeploymentPostprocessing = 0;
		};
		99DB12D0203DC9580015872B /* Frameworks */ = {
			isa = PBXFrameworksBuildPhase;
			buildActionMask = 2147483647;
			files = (
			);
			runOnlyForDeploymentPostprocessing = 0;
		};
		99DB12DB203DC9580015872B /* Frameworks */ = {
			isa = PBXFrameworksBuildPhase;
			buildActionMask = 2147483647;
			files = (
			);
			runOnlyForDeploymentPostprocessing = 0;
		};
/* End PBXFrameworksBuildPhase section */

/* Begin PBXGroup section */
		1F90F0AA50DCE326D5530251 /* Frameworks */ = {
			isa = PBXGroup;
			children = (
				1EA3CAABF9C831313F8D4BAA /* Pods_Closest_Beacon.framework */,
				7B2694A0229013716179262A /* Pods_Closest_BeaconTests.framework */,
				C5EA930082B41804E521202E /* Pods_Closest_BeaconUITests.framework */,
			);
			name = Frameworks;
			sourceTree = "<group>";
		};
		30834B7B5564FF5F8E353829 /* Pods */ = {
			isa = PBXGroup;
			children = (
				523B8C153062FF194F085958 /* Pods-Closest-Beacon.debug.xcconfig */,
				61D143097B9BE00E8E61CE6F /* Pods-Closest-Beacon.release.xcconfig */,
			);
			name = Pods;
			sourceTree = "<group>";
		};
		992BD3FD205969AD003E8F0C /* View */ = {
			isa = PBXGroup;
			children = (
			);
			path = View;
			sourceTree = "<group>";
		};
		992BD40420597025003E8F0C /* Controller */ = {
			isa = PBXGroup;
			children = (
				992BD40720597697003E8F0C /* LoginController.swift */,
			);
			path = Controller;
			sourceTree = "<group>";
		};
		992BD40C2059EDE5003E8F0C /* Model */ = {
			isa = PBXGroup;
			children = (
			);
			path = Model;
			sourceTree = "<group>";
		};
		99B7E3002058809100A69487 /* User Location Table */ = {
			isa = PBXGroup;
			children = (
				99B7E3012058809D00A69487 /* Model */,
				99B7E302205880B600A69487 /* View */,
				99B7E303205880C200A69487 /* Controller */,
				99B7E3062058812000A69487 /* Service */,
			);
			path = "User Location Table";
			sourceTree = "<group>";
		};
		99B7E3012058809D00A69487 /* Model */ = {
			isa = PBXGroup;
			children = (
				992BD40F2059F656003E8F0C /* UserLocation.swift */,
				99B7E3132058995400A69487 /* LocationData.swift */,
				99B7E3112058899600A69487 /* UserListCell.swift */,
			);
			path = Model;
			sourceTree = "<group>";
		};
		99B7E302205880B600A69487 /* View */ = {
			isa = PBXGroup;
			children = (
				99B7E304205880E800A69487 /* UserLocationTable.storyboard */,
			);
			path = View;
			sourceTree = "<group>";
		};
		99B7E303205880C200A69487 /* Controller */ = {
			isa = PBXGroup;
			children = (
				992BD40520597034003E8F0C /* UserLocationTableVC.swift */,
				99B7E30E2058828000A69487 /* _UserLocationVC.swift */,
			);
			path = Controller;
			sourceTree = "<group>";
		};
		99B7E3062058812000A69487 /* Service */ = {
			isa = PBXGroup;
			children = (
				99B7E3152058A0EA00A69487 /* FirDatabaseService.swift */,
			);
			path = Service;
			sourceTree = "<group>";
		};
		99B7E3072058812B00A69487 /* Global */ = {
			isa = PBXGroup;
			children = (
				99B7E30B2058818A00A69487 /* Model */,
				99B7E30A2058818500A69487 /* View */,
				99B7E3092058817F00A69487 /* Controller */,
				99B7E3082058817800A69487 /* Service */,
			);
			path = Global;
			sourceTree = "<group>";
		};
		99B7E3082058817800A69487 /* Service */ = {
			isa = PBXGroup;
			children = (
			);
			path = Service;
			sourceTree = "<group>";
		};
		99B7E3092058817F00A69487 /* Controller */ = {
			isa = PBXGroup;
			children = (
				99DB12C4203DC9580015872B /* MainVC.swift */,
				99E08DA4204F78A70004588F /* AlertController.swift */,
				99DB12C2203DC9580015872B /* AppDelegate.swift */,
				99DB12C9203DC9580015872B /* Assets.xcassets */,
			);
			path = Controller;
			sourceTree = "<group>";
		};
		99B7E30A2058818500A69487 /* View */ = {
			isa = PBXGroup;
			children = (
				99DB12CB203DC9580015872B /* LaunchScreen.storyboard */,
				99DB12C6203DC9580015872B /* Main.storyboard */,
				B486832F205C157400388669 /* Main_.storyboard */,
			);
			path = View;
			sourceTree = "<group>";
		};
		99B7E30B2058818A00A69487 /* Model */ = {
			isa = PBXGroup;
			children = (
			);
			path = Model;
			sourceTree = "<group>";
		};
		99B7E310205882E500A69487 /* Login */ = {
			isa = PBXGroup;
			children = (
				992BD40C2059EDE5003E8F0C /* Model */,
				992BD40420597025003E8F0C /* Controller */,
				992BD3FD205969AD003E8F0C /* View */,
				99E2184D204F6F8C0060959C /* _SignInVC.swift */,
				99E2184B204F6F810060959C /* _SignUpVC.swift */,
			);
			path = Login;
			sourceTree = "<group>";
		};
		99DB12B6203DC9580015872B = {
			isa = PBXGroup;
			children = (
				99DB12C1203DC9580015872B /* Closest-Beacon */,
				99DB12D6203DC9580015872B /* Closest-BeaconTests */,
				99DB12E1203DC9580015872B /* Closest-BeaconUITests */,
				99DB12C0203DC9580015872B /* Products */,
				30834B7B5564FF5F8E353829 /* Pods */,
				1F90F0AA50DCE326D5530251 /* Frameworks */,
			);
			sourceTree = "<group>";
		};
		99DB12C0203DC9580015872B /* Products */ = {
			isa = PBXGroup;
			children = (
				99DB12BF203DC9580015872B /* Closest-Beacon.app */,
				99DB12D3203DC9580015872B /* Closest-BeaconTests.xctest */,
				99DB12DE203DC9580015872B /* Closest-BeaconUITests.xctest */,
			);
			name = Products;
			sourceTree = "<group>";
		};
		99DB12C1203DC9580015872B /* Closest-Beacon */ = {
			isa = PBXGroup;
			children = (
				99B7E3072058812B00A69487 /* Global */,
				99B7E3002058809100A69487 /* User Location Table */,
				99B7E310205882E500A69487 /* Login */,
				99DB12CE203DC9580015872B /* Info.plist */,
				9982F31F203EFB5F0099CD2D /* GoogleService-Info.plist */,
			);
			path = "Closest-Beacon";
			sourceTree = "<group>";
		};
		99DB12D6203DC9580015872B /* Closest-BeaconTests */ = {
			isa = PBXGroup;
			children = (
				99DB12D7203DC9580015872B /* Closest_BeaconTests.swift */,
				99DB12D9203DC9580015872B /* Info.plist */,
			);
			path = "Closest-BeaconTests";
			sourceTree = "<group>";
		};
		99DB12E1203DC9580015872B /* Closest-BeaconUITests */ = {
			isa = PBXGroup;
			children = (
				99DB12E2203DC9580015872B /* Closest_BeaconUITests.swift */,
				99DB12E4203DC9580015872B /* Info.plist */,
			);
			path = "Closest-BeaconUITests";
			sourceTree = "<group>";
		};
/* End PBXGroup section */

/* Begin PBXNativeTarget section */
		99DB12BE203DC9580015872B /* Closest-Beacon */ = {
			isa = PBXNativeTarget;
			buildConfigurationList = 99DB12E7203DC9580015872B /* Build configuration list for PBXNativeTarget "Closest-Beacon" */;
			buildPhases = (
				951A642F9A9538901D8DA53D /* [CP] Check Pods Manifest.lock */,
				99DB12BB203DC9580015872B /* Sources */,
				99DB12BC203DC9580015872B /* Frameworks */,
				99DB12BD203DC9580015872B /* Resources */,
				7117FD42A4372A414BF5564D /* [CP] Embed Pods Frameworks */,
				82593E71080272D2C6CE0D2E /* [CP] Copy Pods Resources */,
			);
			buildRules = (
			);
			dependencies = (
			);
			name = "Closest-Beacon";
			productName = "Closest-Beacon";
			productReference = 99DB12BF203DC9580015872B /* Closest-Beacon.app */;
			productType = "com.apple.product-type.application";
		};
		99DB12D2203DC9580015872B /* Closest-BeaconTests */ = {
			isa = PBXNativeTarget;
			buildConfigurationList = 99DB12EA203DC9580015872B /* Build configuration list for PBXNativeTarget "Closest-BeaconTests" */;
			buildPhases = (
				99DB12CF203DC9580015872B /* Sources */,
				99DB12D0203DC9580015872B /* Frameworks */,
				99DB12D1203DC9580015872B /* Resources */,
			);
			buildRules = (
			);
			dependencies = (
				99DB12D5203DC9580015872B /* PBXTargetDependency */,
			);
			name = "Closest-BeaconTests";
			productName = "Closest-BeaconTests";
			productReference = 99DB12D3203DC9580015872B /* Closest-BeaconTests.xctest */;
			productType = "com.apple.product-type.bundle.unit-test";
		};
		99DB12DD203DC9580015872B /* Closest-BeaconUITests */ = {
			isa = PBXNativeTarget;
			buildConfigurationList = 99DB12ED203DC9580015872B /* Build configuration list for PBXNativeTarget "Closest-BeaconUITests" */;
			buildPhases = (
				99DB12DA203DC9580015872B /* Sources */,
				99DB12DB203DC9580015872B /* Frameworks */,
				99DB12DC203DC9580015872B /* Resources */,
			);
			buildRules = (
			);
			dependencies = (
				99DB12E0203DC9580015872B /* PBXTargetDependency */,
			);
			name = "Closest-BeaconUITests";
			productName = "Closest-BeaconUITests";
			productReference = 99DB12DE203DC9580015872B /* Closest-BeaconUITests.xctest */;
			productType = "com.apple.product-type.bundle.ui-testing";
		};
/* End PBXNativeTarget section */

/* Begin PBXProject section */
		99DB12B7203DC9580015872B /* Project object */ = {
			isa = PBXProject;
			attributes = {
				LastSwiftUpdateCheck = 0920;
				LastUpgradeCheck = 0920;
				ORGANIZATIONNAME = "Josh Kaplan";
				TargetAttributes = {
					99DB12BE203DC9580015872B = {
						CreatedOnToolsVersion = 9.2;
						ProvisioningStyle = Automatic;
						SystemCapabilities = {
							com.apple.BackgroundModes = {
								enabled = 1;
							};
						};
					};
					99DB12D2203DC9580015872B = {
						CreatedOnToolsVersion = 9.2;
						ProvisioningStyle = Automatic;
						TestTargetID = 99DB12BE203DC9580015872B;
					};
					99DB12DD203DC9580015872B = {
						CreatedOnToolsVersion = 9.2;
						ProvisioningStyle = Automatic;
						TestTargetID = 99DB12BE203DC9580015872B;
					};
				};
			};
			buildConfigurationList = 99DB12BA203DC9580015872B /* Build configuration list for PBXProject "Closest-Beacon" */;
			compatibilityVersion = "Xcode 8.0";
			developmentRegion = en;
			hasScannedForEncodings = 0;
			knownRegions = (
				en,
				Base,
			);
			mainGroup = 99DB12B6203DC9580015872B;
			productRefGroup = 99DB12C0203DC9580015872B /* Products */;
			projectDirPath = "";
			projectRoot = "";
			targets = (
				99DB12BE203DC9580015872B /* Closest-Beacon */,
				99DB12D2203DC9580015872B /* Closest-BeaconTests */,
				99DB12DD203DC9580015872B /* Closest-BeaconUITests */,
			);
		};
/* End PBXProject section */

/* Begin PBXResourcesBuildPhase section */
		99DB12BD203DC9580015872B /* Resources */ = {
			isa = PBXResourcesBuildPhase;
			buildActionMask = 2147483647;
			files = (
				99DB12CD203DC9580015872B /* LaunchScreen.storyboard in Resources */,
				99B7E305205880E800A69487 /* UserLocationTable.storyboard in Resources */,
				99DB12CA203DC9580015872B /* Assets.xcassets in Resources */,
				9982F320203EFB5F0099CD2D /* GoogleService-Info.plist in Resources */,
				99DB12C8203DC9580015872B /* Main.storyboard in Resources */,
				B4868330205C157400388669 /* Main_.storyboard in Resources */,
			);
			runOnlyForDeploymentPostprocessing = 0;
		};
		99DB12D1203DC9580015872B /* Resources */ = {
			isa = PBXResourcesBuildPhase;
			buildActionMask = 2147483647;
			files = (
			);
			runOnlyForDeploymentPostprocessing = 0;
		};
		99DB12DC203DC9580015872B /* Resources */ = {
			isa = PBXResourcesBuildPhase;
			buildActionMask = 2147483647;
			files = (
			);
			runOnlyForDeploymentPostprocessing = 0;
		};
/* End PBXResourcesBuildPhase section */

/* Begin PBXShellScriptBuildPhase section */
		7117FD42A4372A414BF5564D /* [CP] Embed Pods Frameworks */ = {
			isa = PBXShellScriptBuildPhase;
			buildActionMask = 2147483647;
			files = (
			);
			inputPaths = (
				"${SRCROOT}/Pods/Target Support Files/Pods-Closest-Beacon/Pods-Closest-Beacon-frameworks.sh",
				"${BUILT_PRODUCTS_DIR}/GTMOAuth2/GTMOAuth2.framework",
				"${BUILT_PRODUCTS_DIR}/GTMSessionFetcher/GTMSessionFetcher.framework",
				"${BUILT_PRODUCTS_DIR}/GoogleToolboxForMac/GoogleToolboxForMac.framework",
				"${BUILT_PRODUCTS_DIR}/leveldb-library/leveldb.framework",
				"${BUILT_PRODUCTS_DIR}/nanopb/nanopb.framework",
			);
			name = "[CP] Embed Pods Frameworks";
			outputPaths = (
				"${TARGET_BUILD_DIR}/${FRAMEWORKS_FOLDER_PATH}/GTMOAuth2.framework",
				"${TARGET_BUILD_DIR}/${FRAMEWORKS_FOLDER_PATH}/GTMSessionFetcher.framework",
				"${TARGET_BUILD_DIR}/${FRAMEWORKS_FOLDER_PATH}/GoogleToolboxForMac.framework",
				"${TARGET_BUILD_DIR}/${FRAMEWORKS_FOLDER_PATH}/leveldb.framework",
				"${TARGET_BUILD_DIR}/${FRAMEWORKS_FOLDER_PATH}/nanopb.framework",
			);
			runOnlyForDeploymentPostprocessing = 0;
			shellPath = /bin/sh;
			shellScript = "\"${SRCROOT}/Pods/Target Support Files/Pods-Closest-Beacon/Pods-Closest-Beacon-frameworks.sh\"\n";
			showEnvVarsInLog = 0;
		};
		82593E71080272D2C6CE0D2E /* [CP] Copy Pods Resources */ = {
			isa = PBXShellScriptBuildPhase;
			buildActionMask = 2147483647;
			files = (
			);
			inputPaths = (
				"${SRCROOT}/Pods/Target Support Files/Pods-Closest-Beacon/Pods-Closest-Beacon-resources.sh",
				"${PODS_CONFIGURATION_BUILD_DIR}/FirebaseUI/FirebaseAuthUI.bundle",
				"${PODS_CONFIGURATION_BUILD_DIR}/FirebaseUI/FirebaseGoogleAuthUI.bundle",
				"${PODS_ROOT}/GoogleSignIn/Resources/GoogleSignIn.bundle",
			);
			name = "[CP] Copy Pods Resources";
			outputPaths = (
				"${TARGET_BUILD_DIR}/${UNLOCALIZED_RESOURCES_FOLDER_PATH}/FirebaseAuthUI.bundle",
				"${TARGET_BUILD_DIR}/${UNLOCALIZED_RESOURCES_FOLDER_PATH}/FirebaseGoogleAuthUI.bundle",
				"${TARGET_BUILD_DIR}/${UNLOCALIZED_RESOURCES_FOLDER_PATH}/GoogleSignIn.bundle",
			);
			runOnlyForDeploymentPostprocessing = 0;
			shellPath = /bin/sh;
			shellScript = "\"${SRCROOT}/Pods/Target Support Files/Pods-Closest-Beacon/Pods-Closest-Beacon-resources.sh\"\n";
			showEnvVarsInLog = 0;
		};
		951A642F9A9538901D8DA53D /* [CP] Check Pods Manifest.lock */ = {
			isa = PBXShellScriptBuildPhase;
			buildActionMask = 2147483647;
			files = (
			);
			inputPaths = (
				"${PODS_PODFILE_DIR_PATH}/Podfile.lock",
				"${PODS_ROOT}/Manifest.lock",
			);
			name = "[CP] Check Pods Manifest.lock";
			outputPaths = (
				"$(DERIVED_FILE_DIR)/Pods-Closest-Beacon-checkManifestLockResult.txt",
			);
			runOnlyForDeploymentPostprocessing = 0;
			shellPath = /bin/sh;
			shellScript = "diff \"${PODS_PODFILE_DIR_PATH}/Podfile.lock\" \"${PODS_ROOT}/Manifest.lock\" > /dev/null\nif [ $? != 0 ] ; then\n    # print error to STDERR\n    echo \"error: The sandbox is not in sync with the Podfile.lock. Run 'pod install' or update your CocoaPods installation.\" >&2\n    exit 1\nfi\n# This output is used by Xcode 'outputs' to avoid re-running this script phase.\necho \"SUCCESS\" > \"${SCRIPT_OUTPUT_FILE_0}\"\n";
			showEnvVarsInLog = 0;
		};
/* End PBXShellScriptBuildPhase section */

/* Begin PBXSourcesBuildPhase section */
		99DB12BB203DC9580015872B /* Sources */ = {
			isa = PBXSourcesBuildPhase;
			buildActionMask = 2147483647;
			files = (
				992BD40820597697003E8F0C /* LoginController.swift in Sources */,
				99B7E3122058899600A69487 /* UserListCell.swift in Sources */,
				99DB12C5203DC9580015872B /* MainVC.swift in Sources */,
				99E08DA5204F78A70004588F /* AlertController.swift in Sources */,
				992BD40620597034003E8F0C /* UserLocationTableVC.swift in Sources */,
				992BD4102059F656003E8F0C /* UserLocation.swift in Sources */,
				99B7E30F2058828000A69487 /* _UserLocationVC.swift in Sources */,
				99B7E3162058A0EA00A69487 /* FirDatabaseService.swift in Sources */,
				99E2184C204F6F810060959C /* _SignUpVC.swift in Sources */,
				99B7E3142058995400A69487 /* LocationData.swift in Sources */,
				99E2184E204F6F8C0060959C /* _SignInVC.swift in Sources */,
				99DB12C3203DC9580015872B /* AppDelegate.swift in Sources */,
			);
			runOnlyForDeploymentPostprocessing = 0;
		};
		99DB12CF203DC9580015872B /* Sources */ = {
			isa = PBXSourcesBuildPhase;
			buildActionMask = 2147483647;
			files = (
				99DB12D8203DC9580015872B /* Closest_BeaconTests.swift in Sources */,
			);
			runOnlyForDeploymentPostprocessing = 0;
		};
		99DB12DA203DC9580015872B /* Sources */ = {
			isa = PBXSourcesBuildPhase;
			buildActionMask = 2147483647;
			files = (
				99DB12E3203DC9580015872B /* Closest_BeaconUITests.swift in Sources */,
			);
			runOnlyForDeploymentPostprocessing = 0;
		};
/* End PBXSourcesBuildPhase section */

/* Begin PBXTargetDependency section */
		99DB12D5203DC9580015872B /* PBXTargetDependency */ = {
			isa = PBXTargetDependency;
			target = 99DB12BE203DC9580015872B /* Closest-Beacon */;
			targetProxy = 99DB12D4203DC9580015872B /* PBXContainerItemProxy */;
		};
		99DB12E0203DC9580015872B /* PBXTargetDependency */ = {
			isa = PBXTargetDependency;
			target = 99DB12BE203DC9580015872B /* Closest-Beacon */;
			targetProxy = 99DB12DF203DC9580015872B /* PBXContainerItemProxy */;
		};
/* End PBXTargetDependency section */

/* Begin PBXVariantGroup section */
		99DB12C6203DC9580015872B /* Main.storyboard */ = {
			isa = PBXVariantGroup;
			children = (
				99DB12C7203DC9580015872B /* Base */,
			);
			name = Main.storyboard;
			sourceTree = "<group>";
		};
		99DB12CB203DC9580015872B /* LaunchScreen.storyboard */ = {
			isa = PBXVariantGroup;
			children = (
				99DB12CC203DC9580015872B /* Base */,
			);
			name = LaunchScreen.storyboard;
			sourceTree = "<group>";
		};
/* End PBXVariantGroup section */

/* Begin XCBuildConfiguration section */
		99DB12E5203DC9580015872B /* Debug */ = {
			isa = XCBuildConfiguration;
			buildSettings = {
				ALWAYS_SEARCH_USER_PATHS = NO;
				CLANG_ANALYZER_NONNULL = YES;
				CLANG_ANALYZER_NUMBER_OBJECT_CONVERSION = YES_AGGRESSIVE;
				CLANG_CXX_LANGUAGE_STANDARD = "gnu++14";
				CLANG_CXX_LIBRARY = "libc++";
				CLANG_ENABLE_MODULES = YES;
				CLANG_ENABLE_OBJC_ARC = YES;
				CLANG_WARN_BLOCK_CAPTURE_AUTORELEASING = YES;
				CLANG_WARN_BOOL_CONVERSION = YES;
				CLANG_WARN_COMMA = YES;
				CLANG_WARN_CONSTANT_CONVERSION = YES;
				CLANG_WARN_DIRECT_OBJC_ISA_USAGE = YES_ERROR;
				CLANG_WARN_DOCUMENTATION_COMMENTS = YES;
				CLANG_WARN_EMPTY_BODY = YES;
				CLANG_WARN_ENUM_CONVERSION = YES;
				CLANG_WARN_INFINITE_RECURSION = YES;
				CLANG_WARN_INT_CONVERSION = YES;
				CLANG_WARN_NON_LITERAL_NULL_CONVERSION = YES;
				CLANG_WARN_OBJC_LITERAL_CONVERSION = YES;
				CLANG_WARN_OBJC_ROOT_CLASS = YES_ERROR;
				CLANG_WARN_RANGE_LOOP_ANALYSIS = YES;
				CLANG_WARN_STRICT_PROTOTYPES = YES;
				CLANG_WARN_SUSPICIOUS_MOVE = YES;
				CLANG_WARN_UNGUARDED_AVAILABILITY = YES_AGGRESSIVE;
				CLANG_WARN_UNREACHABLE_CODE = YES;
				CLANG_WARN__DUPLICATE_METHOD_MATCH = YES;
				CODE_SIGN_IDENTITY = "iPhone Developer";
				COPY_PHASE_STRIP = NO;
				DEBUG_INFORMATION_FORMAT = dwarf;
				ENABLE_STRICT_OBJC_MSGSEND = YES;
				ENABLE_TESTABILITY = YES;
				GCC_C_LANGUAGE_STANDARD = gnu11;
				GCC_DYNAMIC_NO_PIC = NO;
				GCC_NO_COMMON_BLOCKS = YES;
				GCC_OPTIMIZATION_LEVEL = 0;
				GCC_PREPROCESSOR_DEFINITIONS = (
					"DEBUG=1",
					"$(inherited)",
				);
				GCC_WARN_64_TO_32_BIT_CONVERSION = YES;
				GCC_WARN_ABOUT_RETURN_TYPE = YES_ERROR;
				GCC_WARN_UNDECLARED_SELECTOR = YES;
				GCC_WARN_UNINITIALIZED_AUTOS = YES_AGGRESSIVE;
				GCC_WARN_UNUSED_FUNCTION = YES;
				GCC_WARN_UNUSED_VARIABLE = YES;
				IPHONEOS_DEPLOYMENT_TARGET = 11.0;
				MTL_ENABLE_DEBUG_INFO = YES;
				ONLY_ACTIVE_ARCH = YES;
				SDKROOT = iphoneos;
				SWIFT_ACTIVE_COMPILATION_CONDITIONS = DEBUG;
				SWIFT_OPTIMIZATION_LEVEL = "-Onone";
				SWIFT_SWIFT3_OBJC_INFERENCE = Default;
			};
			name = Debug;
		};
		99DB12E6203DC9580015872B /* Release */ = {
			isa = XCBuildConfiguration;
			buildSettings = {
				ALWAYS_SEARCH_USER_PATHS = NO;
				CLANG_ANALYZER_NONNULL = YES;
				CLANG_ANALYZER_NUMBER_OBJECT_CONVERSION = YES_AGGRESSIVE;
				CLANG_CXX_LANGUAGE_STANDARD = "gnu++14";
				CLANG_CXX_LIBRARY = "libc++";
				CLANG_ENABLE_MODULES = YES;
				CLANG_ENABLE_OBJC_ARC = YES;
				CLANG_WARN_BLOCK_CAPTURE_AUTORELEASING = YES;
				CLANG_WARN_BOOL_CONVERSION = YES;
				CLANG_WARN_COMMA = YES;
				CLANG_WARN_CONSTANT_CONVERSION = YES;
				CLANG_WARN_DIRECT_OBJC_ISA_USAGE = YES_ERROR;
				CLANG_WARN_DOCUMENTATION_COMMENTS = YES;
				CLANG_WARN_EMPTY_BODY = YES;
				CLANG_WARN_ENUM_CONVERSION = YES;
				CLANG_WARN_INFINITE_RECURSION = YES;
				CLANG_WARN_INT_CONVERSION = YES;
				CLANG_WARN_NON_LITERAL_NULL_CONVERSION = YES;
				CLANG_WARN_OBJC_LITERAL_CONVERSION = YES;
				CLANG_WARN_OBJC_ROOT_CLASS = YES_ERROR;
				CLANG_WARN_RANGE_LOOP_ANALYSIS = YES;
				CLANG_WARN_STRICT_PROTOTYPES = YES;
				CLANG_WARN_SUSPICIOUS_MOVE = YES;
				CLANG_WARN_UNGUARDED_AVAILABILITY = YES_AGGRESSIVE;
				CLANG_WARN_UNREACHABLE_CODE = YES;
				CLANG_WARN__DUPLICATE_METHOD_MATCH = YES;
				CODE_SIGN_IDENTITY = "iPhone Developer";
				COPY_PHASE_STRIP = NO;
				DEBUG_INFORMATION_FORMAT = "dwarf-with-dsym";
				ENABLE_NS_ASSERTIONS = NO;
				ENABLE_STRICT_OBJC_MSGSEND = YES;
				GCC_C_LANGUAGE_STANDARD = gnu11;
				GCC_NO_COMMON_BLOCKS = YES;
				GCC_WARN_64_TO_32_BIT_CONVERSION = YES;
				GCC_WARN_ABOUT_RETURN_TYPE = YES_ERROR;
				GCC_WARN_UNDECLARED_SELECTOR = YES;
				GCC_WARN_UNINITIALIZED_AUTOS = YES_AGGRESSIVE;
				GCC_WARN_UNUSED_FUNCTION = YES;
				GCC_WARN_UNUSED_VARIABLE = YES;
				IPHONEOS_DEPLOYMENT_TARGET = 11.0;
				MTL_ENABLE_DEBUG_INFO = NO;
				SDKROOT = iphoneos;
				SWIFT_OPTIMIZATION_LEVEL = "-Owholemodule";
				SWIFT_SWIFT3_OBJC_INFERENCE = Default;
				VALIDATE_PRODUCT = YES;
			};
			name = Release;
		};
		99DB12E8203DC9580015872B /* Debug */ = {
			isa = XCBuildConfiguration;
			baseConfigurationReference = 523B8C153062FF194F085958 /* Pods-Closest-Beacon.debug.xcconfig */;
			buildSettings = {
				ASSETCATALOG_COMPILER_APPICON_NAME = AppIcon;
				CODE_SIGN_STYLE = Automatic;
				DEVELOPMENT_TEAM = 593AN5E92R;
				INFOPLIST_FILE = "Closest-Beacon/Info.plist";
				LD_RUNPATH_SEARCH_PATHS = "$(inherited) @executable_path/Frameworks";
				PRODUCT_BUNDLE_IDENTIFIER = "enablonlabs.Closest-Beacon";
				PRODUCT_NAME = "$(TARGET_NAME)";
				SWIFT_SWIFT3_OBJC_INFERENCE = Default;
				SWIFT_VERSION = 4.0;
				TARGETED_DEVICE_FAMILY = "1,2";
			};
			name = Debug;
		};
		99DB12E9203DC9580015872B /* Release */ = {
			isa = XCBuildConfiguration;
			baseConfigurationReference = 61D143097B9BE00E8E61CE6F /* Pods-Closest-Beacon.release.xcconfig */;
			buildSettings = {
				ASSETCATALOG_COMPILER_APPICON_NAME = AppIcon;
				CODE_SIGN_STYLE = Automatic;
				DEVELOPMENT_TEAM = 593AN5E92R;
				INFOPLIST_FILE = "Closest-Beacon/Info.plist";
				LD_RUNPATH_SEARCH_PATHS = "$(inherited) @executable_path/Frameworks";
				PRODUCT_BUNDLE_IDENTIFIER = "enablonlabs.Closest-Beacon";
				PRODUCT_NAME = "$(TARGET_NAME)";
				SWIFT_SWIFT3_OBJC_INFERENCE = Default;
				SWIFT_VERSION = 4.0;
				TARGETED_DEVICE_FAMILY = "1,2";
			};
			name = Release;
		};
		99DB12EB203DC9580015872B /* Debug */ = {
			isa = XCBuildConfiguration;
			buildSettings = {
				ALWAYS_EMBED_SWIFT_STANDARD_LIBRARIES = YES;
				BUNDLE_LOADER = "$(TEST_HOST)";
				CODE_SIGN_STYLE = Automatic;
				DEVELOPMENT_TEAM = 593AN5E92R;
				INFOPLIST_FILE = "Closest-BeaconTests/Info.plist";
				LD_RUNPATH_SEARCH_PATHS = "$(inherited) @executable_path/Frameworks @loader_path/Frameworks";
				PRODUCT_BUNDLE_IDENTIFIER = "enablonlabs.Closest-BeaconTests";
				PRODUCT_NAME = "$(TARGET_NAME)";
				SWIFT_VERSION = 4.0;
				TARGETED_DEVICE_FAMILY = "1,2";
				TEST_HOST = "$(BUILT_PRODUCTS_DIR)/Closest-Beacon.app/Closest-Beacon";
			};
			name = Debug;
		};
		99DB12EC203DC9580015872B /* Release */ = {
			isa = XCBuildConfiguration;
			buildSettings = {
				ALWAYS_EMBED_SWIFT_STANDARD_LIBRARIES = YES;
				BUNDLE_LOADER = "$(TEST_HOST)";
				CODE_SIGN_STYLE = Automatic;
				DEVELOPMENT_TEAM = 593AN5E92R;
				INFOPLIST_FILE = "Closest-BeaconTests/Info.plist";
				LD_RUNPATH_SEARCH_PATHS = "$(inherited) @executable_path/Frameworks @loader_path/Frameworks";
				PRODUCT_BUNDLE_IDENTIFIER = "enablonlabs.Closest-BeaconTests";
				PRODUCT_NAME = "$(TARGET_NAME)";
				SWIFT_VERSION = 4.0;
				TARGETED_DEVICE_FAMILY = "1,2";
				TEST_HOST = "$(BUILT_PRODUCTS_DIR)/Closest-Beacon.app/Closest-Beacon";
			};
			name = Release;
		};
		99DB12EE203DC9580015872B /* Debug */ = {
			isa = XCBuildConfiguration;
			buildSettings = {
				ALWAYS_EMBED_SWIFT_STANDARD_LIBRARIES = YES;
				CODE_SIGN_STYLE = Automatic;
				DEVELOPMENT_TEAM = 593AN5E92R;
				INFOPLIST_FILE = "Closest-BeaconUITests/Info.plist";
				LD_RUNPATH_SEARCH_PATHS = "$(inherited) @executable_path/Frameworks @loader_path/Frameworks";
				PRODUCT_BUNDLE_IDENTIFIER = "enablonlabs.Closest-BeaconUITests";
				PRODUCT_NAME = "$(TARGET_NAME)";
				SWIFT_VERSION = 4.0;
				TARGETED_DEVICE_FAMILY = "1,2";
				TEST_TARGET_NAME = "Closest-Beacon";
			};
			name = Debug;
		};
		99DB12EF203DC9580015872B /* Release */ = {
			isa = XCBuildConfiguration;
			buildSettings = {
				ALWAYS_EMBED_SWIFT_STANDARD_LIBRARIES = YES;
				CODE_SIGN_STYLE = Automatic;
				DEVELOPMENT_TEAM = 593AN5E92R;
				INFOPLIST_FILE = "Closest-BeaconUITests/Info.plist";
				LD_RUNPATH_SEARCH_PATHS = "$(inherited) @executable_path/Frameworks @loader_path/Frameworks";
				PRODUCT_BUNDLE_IDENTIFIER = "enablonlabs.Closest-BeaconUITests";
				PRODUCT_NAME = "$(TARGET_NAME)";
				SWIFT_VERSION = 4.0;
				TARGETED_DEVICE_FAMILY = "1,2";
				TEST_TARGET_NAME = "Closest-Beacon";
			};
			name = Release;
		};
/* End XCBuildConfiguration section */

/* Begin XCConfigurationList section */
		99DB12BA203DC9580015872B /* Build configuration list for PBXProject "Closest-Beacon" */ = {
			isa = XCConfigurationList;
			buildConfigurations = (
				99DB12E5203DC9580015872B /* Debug */,
				99DB12E6203DC9580015872B /* Release */,
			);
			defaultConfigurationIsVisible = 0;
			defaultConfigurationName = Release;
		};
		99DB12E7203DC9580015872B /* Build configuration list for PBXNativeTarget "Closest-Beacon" */ = {
			isa = XCConfigurationList;
			buildConfigurations = (
				99DB12E8203DC9580015872B /* Debug */,
				99DB12E9203DC9580015872B /* Release */,
			);
			defaultConfigurationIsVisible = 0;
			defaultConfigurationName = Release;
		};
		99DB12EA203DC9580015872B /* Build configuration list for PBXNativeTarget "Closest-BeaconTests" */ = {
			isa = XCConfigurationList;
			buildConfigurations = (
				99DB12EB203DC9580015872B /* Debug */,
				99DB12EC203DC9580015872B /* Release */,
			);
			defaultConfigurationIsVisible = 0;
			defaultConfigurationName = Release;
		};
		99DB12ED203DC9580015872B /* Build configuration list for PBXNativeTarget "Closest-BeaconUITests" */ = {
			isa = XCConfigurationList;
			buildConfigurations = (
				99DB12EE203DC9580015872B /* Debug */,
				99DB12EF203DC9580015872B /* Release */,
			);
			defaultConfigurationIsVisible = 0;
			defaultConfigurationName = Release;
		};
/* End XCConfigurationList section */
	};
	rootObject = 99DB12B7203DC9580015872B /* Project object */;
}
